
Microsoft Visual Studio Solution File, Format Version 12.00
# Visual Studio Version 16
VisualStudioVersion = 16.0.31729.503
MinimumVisualStudioVersion = 10.0.40219.1
Project("{888888A0-9F3D-457C-B088-3A5042F75D52}") = "2558_Py", "2558_Py\2558_Py.pyproj", "{F913C4BF-BB60-4525-A649-EB3472EF2709}"
EndProject
Global
	GlobalSection(SolutionConfigurationPlatforms) = preSolution
		Debug|Any CPU = Debug|Any CPU
		Release|Any CPU = Release|Any CPU
	EndGlobalSection
	GlobalSection(ProjectConfigurationPlatforms) = postSolution
		{F913C4BF-BB60-4525-A649-EB3472EF2709}.Debug|Any CPU.ActiveCfg = Debug|Any CPU
		{F913C4BF-BB60-4525-A649-EB3472EF2709}.Release|Any CPU.ActiveCfg = Release|Any CPU
	EndGlobalSection
	GlobalSection(SolutionProperties) = preSolution
		HideSolutionNode = FALSE
	EndGlobalSection
	GlobalSection(ExtensibilityGlobals) = postSolution
		SolutionGuid = {EC8FFE4E-E366-4616-9979-6EABF7D336AF}
	EndGlobalSection
EndGlobal
